// !$*UTF8*$!
{
	archiveVersion = 1;
	classes = {
	};
	objectVersion = 50;
	objects = {

/* Begin PBXBuildFile section */
		9F4F749D26A3B96A00FE82FC /* AppDelegate.swift in Sources */ = {isa = PBXBuildFile; fileRef = 9F4F749C26A3B96A00FE82FC /* AppDelegate.swift */; };
		9F4F749F26A3B96A00FE82FC /* SceneDelegate.swift in Sources */ = {isa = PBXBuildFile; fileRef = 9F4F749E26A3B96A00FE82FC /* SceneDelegate.swift */; };
		9F4F74A426A3B96A00FE82FC /* Main.storyboard in Resources */ = {isa = PBXBuildFile; fileRef = 9F4F74A226A3B96A00FE82FC /* Main.storyboard */; };
		9F4F74A626A3B96C00FE82FC /* Assets.xcassets in Resources */ = {isa = PBXBuildFile; fileRef = 9F4F74A526A3B96C00FE82FC /* Assets.xcassets */; };
		9F4F74A926A3B96C00FE82FC /* LaunchScreen.storyboard in Resources */ = {isa = PBXBuildFile; fileRef = 9F4F74A726A3B96C00FE82FC /* LaunchScreen.storyboard */; };
		9F4F74B126A3BC5700FE82FC /* TableViewController.swift in Sources */ = {isa = PBXBuildFile; fileRef = 9F4F74B026A3BC5700FE82FC /* TableViewController.swift */; };
		9F4F74B326A3BEEC00FE82FC /* TVC_Extension.swift in Sources */ = {isa = PBXBuildFile; fileRef = 9F4F74B226A3BEEC00FE82FC /* TVC_Extension.swift */; };
		9F4F74DB26A48C4100FE82FC /* Legislator.swift in Sources */ = {isa = PBXBuildFile; fileRef = 9F4F74DA26A48C4100FE82FC /* Legislator.swift */; };
		9F4F74DD26A4CB7400FE82FC /* legisCell.swift in Sources */ = {isa = PBXBuildFile; fileRef = 9F4F74DC26A4CB7400FE82FC /* legisCell.swift */; };
		9F4F74DF26A4CBAB00FE82FC /* legislatorDetailsViewController.swift in Sources */ = {isa = PBXBuildFile; fileRef = 9F4F74DE26A4CBAB00FE82FC /* legislatorDetailsViewController.swift */; };
/* End PBXBuildFile section */

/* Begin PBXFileReference section */
		9F4F749926A3B96A00FE82FC /* RobertsJeanaiCE05.app */ = {isa = PBXFileReference; explicitFileType = wrapper.application; includeInIndex = 0; path = RobertsJeanaiCE05.app; sourceTree = BUILT_PRODUCTS_DIR; };
		9F4F749C26A3B96A00FE82FC /* AppDelegate.swift */ = {isa = PBXFileReference; lastKnownFileType = sourcecode.swift; path = AppDelegate.swift; sourceTree = "<group>"; };
		9F4F749E26A3B96A00FE82FC /* SceneDelegate.swift */ = {isa = PBXFileReference; lastKnownFileType = sourcecode.swift; path = SceneDelegate.swift; sourceTree = "<group>"; };
		9F4F74A326A3B96A00FE82FC /* Base */ = {isa = PBXFileReference; lastKnownFileType = file.storyboard; name = Base; path = Base.lproj/Main.storyboard; sourceTree = "<group>"; };
		9F4F74A526A3B96C00FE82FC /* Assets.xcassets */ = {isa = PBXFileReference; lastKnownFileType = folder.assetcatalog; path = Assets.xcassets; sourceTree = "<group>"; };
		9F4F74A826A3B96C00FE82FC /* Base */ = {isa = PBXFileReference; lastKnownFileType = file.storyboard; name = Base; path = Base.lproj/LaunchScreen.storyboard; sourceTree = "<group>"; };
		9F4F74AA26A3B96C00FE82FC /* Info.plist */ = {isa = PBXFileReference; lastKnownFileType = text.plist.xml; path = Info.plist; sourceTree = "<group>"; };
		9F4F74B026A3BC5700FE82FC /* TableViewController.swift */ = {isa = PBXFileReference; lastKnownFileType = sourcecode.swift; path = TableViewController.swift; sourceTree = "<group>"; };
		9F4F74B226A3BEEC00FE82FC /* TVC_Extension.swift */ = {isa = PBXFileReference; lastKnownFileType = sourcecode.swift; path = TVC_Extension.swift; sourceTree = "<group>"; };
		9F4F74DA26A48C4100FE82FC /* Legislator.swift */ = {isa = PBXFileReference; lastKnownFileType = sourcecode.swift; path = Legislator.swift; sourceTree = "<group>"; };
		9F4F74DC26A4CB7400FE82FC /* legisCell.swift */ = {isa = PBXFileReference; lastKnownFileType = sourcecode.swift; path = legisCell.swift; sourceTree = "<group>"; };
		9F4F74DE26A4CBAB00FE82FC /* legislatorDetailsViewController.swift */ = {isa = PBXFileReference; lastKnownFileType = sourcecode.swift; path = legislatorDetailsViewController.swift; sourceTree = "<group>"; };
/* End PBXFileReference section */

/* Begin PBXFrameworksBuildPhase section */
		9F4F749626A3B96A00FE82FC /* Frameworks */ = {
			isa = PBXFrameworksBuildPhase;
			buildActionMask = 2147483647;
			files = (
			);
			runOnlyForDeploymentPostprocessing = 0;
		};
/* End PBXFrameworksBuildPhase section */

/* Begin PBXGroup section */
		9F4F749026A3B96A00FE82FC = {
			isa = PBXGroup;
			children = (
				9F4F749B26A3B96A00FE82FC /* RobertsJeanaiCE05 */,
				9F4F749A26A3B96A00FE82FC /* Products */,
			);
			sourceTree = "<group>";
		};
		9F4F749A26A3B96A00FE82FC /* Products */ = {
			isa = PBXGroup;
			children = (
				9F4F749926A3B96A00FE82FC /* RobertsJeanaiCE05.app */,
			);
			name = Products;
			sourceTree = "<group>";
		};
		9F4F749B26A3B96A00FE82FC /* RobertsJeanaiCE05 */ = {
			isa = PBXGroup;
			children = (
				9F4F749C26A3B96A00FE82FC /* AppDelegate.swift */,
				9F4F749E26A3B96A00FE82FC /* SceneDelegate.swift */,
				9F4F74A226A3B96A00FE82FC /* Main.storyboard */,
				9F4F74B026A3BC5700FE82FC /* TableViewController.swift */,
				9F4F74DC26A4CB7400FE82FC /* legisCell.swift */,
				9F4F74DE26A4CBAB00FE82FC /* legislatorDetailsViewController.swift */,
				9F4F74B226A3BEEC00FE82FC /* TVC_Extension.swift */,
				9F4F74DA26A48C4100FE82FC /* Legislator.swift */,
				9F4F74A526A3B96C00FE82FC /* Assets.xcassets */,
				9F4F74A726A3B96C00FE82FC /* LaunchScreen.storyboard */,
				9F4F74AA26A3B96C00FE82FC /* Info.plist */,
			);
			path = RobertsJeanaiCE05;
			sourceTree = "<group>";
		};
/* End PBXGroup section */

/* Begin PBXNativeTarget section */
		9F4F749826A3B96A00FE82FC /* RobertsJeanaiCE05 */ = {
			isa = PBXNativeTarget;
			buildConfigurationList = 9F4F74AD26A3B96C00FE82FC /* Build configuration list for PBXNativeTarget "RobertsJeanaiCE05" */;
			buildPhases = (
				9F4F749526A3B96A00FE82FC /* Sources */,
				9F4F749626A3B96A00FE82FC /* Frameworks */,
				9F4F749726A3B96A00FE82FC /* Resources */,
			);
			buildRules = (
			);
			dependencies = (
			);
			name = RobertsJeanaiCE05;
			productName = RobertsJeanaiCE04;
			productReference = 9F4F749926A3B96A00FE82FC /* RobertsJeanaiCE05.app */;
			productType = "com.apple.product-type.application";
		};
/* End PBXNativeTarget section */

/* Begin PBXProject section */
		9F4F749126A3B96A00FE82FC /* Project object */ = {
			isa = PBXProject;
			attributes = {
				LastSwiftUpdateCheck = 1250;
				LastUpgradeCheck = 1250;
				TargetAttributes = {
					9F4F749826A3B96A00FE82FC = {
						CreatedOnToolsVersion = 12.5.1;
					};
				};
			};
			buildConfigurationList = 9F4F749426A3B96A00FE82FC /* Build configuration list for PBXProject "RobertsJeanaiCE05" */;
			compatibilityVersion = "Xcode 9.3";
			developmentRegion = en;
			hasScannedForEncodings = 0;
			knownRegions = (
				en,
				Base,
			);
			mainGroup = 9F4F749026A3B96A00FE82FC;
			productRefGroup = 9F4F749A26A3B96A00FE82FC /* Products */;
			projectDirPath = "";
			projectRoot = "";
			targets = (
				9F4F749826A3B96A00FE82FC /* RobertsJeanaiCE05 */,
			);
		};
/* End PBXProject section */

/* Begin PBXResourcesBuildPhase section */
		9F4F749726A3B96A00FE82FC /* Resources */ = {
			isa = PBXResourcesBuildPhase;
			buildActionMask = 2147483647;
			files = (
				9F4F74A926A3B96C00FE82FC /* LaunchScreen.storyboard in Resources */,
				9F4F74A626A3B96C00FE82FC /* Assets.xcassets in Resources */,
				9F4F74A426A3B96A00FE82FC /* Main.storyboard in Resources */,
			);
			runOnlyForDeploymentPostprocessing = 0;
		};
/* End PBXResourcesBuildPhase section */

/* Begin PBXSourcesBuildPhase section */
		9F4F749526A3B96A00FE82FC /* Sources */ = {
			isa = PBXSourcesBuildPhase;
			buildActionMask = 2147483647;
			files = (
				9F4F74DD26A4CB7400FE82FC /* legisCell.swift in Sources */,
				9F4F74DB26A48C4100FE82FC /* Legislator.swift in Sources */,
				9F4F749D26A3B96A00FE82FC /* AppDelegate.swift in Sources */,
				9F4F74B126A3BC5700FE82FC /* TableViewController.swift in Sources */,
				9F4F749F26A3B96A00FE82FC /* SceneDelegate.swift in Sources */,
				9F4F74B326A3BEEC00FE82FC /* TVC_Extension.swift in Sources */,
				9F4F74DF26A4CBAB00FE82FC /* legislatorDetailsViewController.swift in Sources */,
			);
			runOnlyForDeploymentPostprocessing = 0;
		};
/* End PBXSourcesBuildPhase section */

/* Begin PBXVariantGroup section */
		9F4F74A226A3B96A00FE82FC /* Main.storyboard */ = {
			isa = PBXVariantGroup;
			children = (
				9F4F74A326A3B96A00FE82FC /* Base */,
			);
			name = Main.storyboard;
			sourceTree = "<group>";
		};
		9F4F74A726A3B96C00FE82FC /* LaunchScreen.storyboard */ = {
			isa = PBXVariantGroup;
			children = (
				9F4F74A826A3B96C00FE82FC /* Base */,
			);
			name = LaunchScreen.storyboard;
			sourceTree = "<group>";
		};
/* End PBXVariantGroup section */

/* Begin XCBuildConfiguration section */
		9F4F74AB26A3B96C00FE82FC /* Debug */ = {
			isa = XCBuildConfiguration;
			buildSettings = {
				ALWAYS_SEARCH_USER_PATHS = NO;
				CLANG_ANALYZER_NONNULL = YES;
				CLANG_ANALYZER_NUMBER_OBJECT_CONVERSION = YES_AGGRESSIVE;
				CLANG_CXX_LANGUAGE_STANDARD = "gnu++14";
				CLANG_CXX_LIBRARY = "libc++";
				CLANG_ENABLE_MODULES = YES;
				CLANG_ENABLE_OBJC_ARC = YES;
				CLANG_ENABLE_OBJC_WEAK = YES;
				CLANG_WARN_BLOCK_CAPTURE_AUTORELEASING = YES;
				CLANG_WARN_BOOL_CONVERSION = YES;
				CLANG_WARN_COMMA = YES;
				CLANG_WARN_CONSTANT_CONVERSION = YES;
				CLANG_WARN_DEPRECATED_OBJC_IMPLEMENTATIONS = YES;
				CLANG_WARN_DIRECT_OBJC_ISA_USAGE = YES_ERROR;
				CLANG_WARN_DOCUMENTATION_COMMENTS = YES;
				CLANG_WARN_EMPTY_BODY = YES;
				CLANG_WARN_ENUM_CONVERSION = YES;
				CLANG_WARN_INFINITE_RECURSION = YES;
				CLANG_WARN_INT_CONVERSION = YES;
				CLANG_WARN_NON_LITERAL_NULL_CONVERSION = YES;
				CLANG_WARN_OBJC_IMPLICIT_RETAIN_SELF = YES;
				CLANG_WARN_OBJC_LITERAL_CONVERSION = YES;
				CLANG_WARN_OBJC_ROOT_CLASS = YES_ERROR;
				CLANG_WARN_QUOTED_INCLUDE_IN_FRAMEWORK_HEADER = YES;
				CLANG_WARN_RANGE_LOOP_ANALYSIS = YES;
				CLANG_WARN_STRICT_PROTOTYPES = YES;
				CLANG_WARN_SUSPICIOUS_MOVE = YES;
				CLANG_WARN_UNGUARDED_AVAILABILITY = YES_AGGRESSIVE;
				CLANG_WARN_UNREACHABLE_CODE = YES;
				CLANG_WARN__DUPLICATE_METHOD_MATCH = YES;
				COPY_PHASE_STRIP = NO;
				DEBUG_INFORMATION_FORMAT = dwarf;
				ENABLE_STRICT_OBJC_MSGSEND = YES;
				ENABLE_TESTABILITY = YES;
				GCC_C_LANGUAGE_STANDARD = gnu11;
				GCC_DYNAMIC_NO_PIC = NO;
				GCC_NO_COMMON_BLOCKS = YES;
				GCC_OPTIMIZATION_LEVEL = 0;
				GCC_PREPROCESSOR_DEFINITIONS = (
					"DEBUG=1",
					"$(inherited)",
				);
				GCC_WARN_64_TO_32_BIT_CONVERSION = YES;
				GCC_WARN_ABOUT_RETURN_TYPE = YES_ERROR;
				GCC_WARN_UNDECLARED_SELECTOR = YES;
				GCC_WARN_UNINITIALIZED_AUTOS = YES_AGGRESSIVE;
				GCC_WARN_UNUSED_FUNCTION = YES;
				GCC_WARN_UNUSED_VARIABLE = YES;
				IPHONEOS_DEPLOYMENT_TARGET = 14.5;
				MTL_ENABLE_DEBUG_INFO = INCLUDE_SOURCE;
				MTL_FAST_MATH = YES;
				ONLY_ACTIVE_ARCH = YES;
				SDKROOT = iphoneos;
				SWIFT_ACTIVE_COMPILATION_CONDITIONS = DEBUG;
				SWIFT_OPTIMIZATION_LEVEL = "-Onone";
			};
			name = Debug;
		};
		9F4F74AC26A3B96C00FE82FC /* Release */ = {
			isa = XCBuildConfiguration;
			buildSettings = {
				ALWAYS_SEARCH_USER_PATHS = NO;
				CLANG_ANALYZER_NONNULL = YES;
				CLANG_ANALYZER_NUMBER_OBJECT_CONVERSION = YES_AGGRESSIVE;
				CLANG_CXX_LANGUAGE_STANDARD = "gnu++14";
				CLANG_CXX_LIBRARY = "libc++";
				CLANG_ENABLE_MODULES = YES;
				CLANG_ENABLE_OBJC_ARC = YES;
				CLANG_ENABLE_OBJC_WEAK = YES;
				CLANG_WARN_BLOCK_CAPTURE_AUTORELEASING = YES;
				CLANG_WARN_BOOL_CONVERSION = YES;
				CLANG_WARN_COMMA = YES;
				CLANG_WARN_CONSTANT_CONVERSION = YES;
				CLANG_WARN_DEPRECATED_OBJC_IMPLEMENTATIONS = YES;
				CLANG_WARN_DIRECT_OBJC_ISA_USAGE = YES_ERROR;
				CLANG_WARN_DOCUMENTATION_COMMENTS = YES;
				CLANG_WARN_EMPTY_BODY = YES;
				CLANG_WARN_ENUM_CONVERSION = YES;
				CLANG_WARN_INFINITE_RECURSION = YES;
				CLANG_WARN_INT_CONVERSION = YES;
				CLANG_WARN_NON_LITERAL_NULL_CONVERSION = YES;
				CLANG_WARN_OBJC_IMPLICIT_RETAIN_SELF = YES;
				CLANG_WARN_OBJC_LITERAL_CONVERSION = YES;
				CLANG_WARN_OBJC_ROOT_CLASS = YES_ERROR;
				CLANG_WARN_QUOTED_INCLUDE_IN_FRAMEWORK_HEADER = YES;
				CLANG_WARN_RANGE_LOOP_ANALYSIS = YES;
				CLANG_WARN_STRICT_PROTOTYPES = YES;
				CLANG_WARN_SUSPICIOUS_MOVE = YES;
				CLANG_WARN_UNGUARDED_AVAILABILITY = YES_AGGRESSIVE;
				CLANG_WARN_UNREACHABLE_CODE = YES;
				CLANG_WARN__DUPLICATE_METHOD_MATCH = YES;
				COPY_PHASE_STRIP = NO;
				DEBUG_INFORMATION_FORMAT = "dwarf-with-dsym";
				ENABLE_NS_ASSERTIONS = NO;
				ENABLE_STRICT_OBJC_MSGSEND = YES;
				GCC_C_LANGUAGE_STANDARD = gnu11;
				GCC_NO_COMMON_BLOCKS = YES;
				GCC_WARN_64_TO_32_BIT_CONVERSION = YES;
				GCC_WARN_ABOUT_RETURN_TYPE = YES_ERROR;
				GCC_WARN_UNDECLARED_SELECTOR = YES;
				GCC_WARN_UNINITIALIZED_AUTOS = YES_AGGRESSIVE;
				GCC_WARN_UNUSED_FUNCTION = YES;
				GCC_WARN_UNUSED_VARIABLE = YES;
				IPHONEOS_DEPLOYMENT_TARGET = 14.5;
				MTL_ENABLE_DEBUG_INFO = NO;
				MTL_FAST_MATH = YES;
				SDKROOT = iphoneos;
				SWIFT_COMPILATION_MODE = wholemodule;
				SWIFT_OPTIMIZATION_LEVEL = "-O";
				VALIDATE_PRODUCT = YES;
			};
			name = Release;
		};
		9F4F74AE26A3B96C00FE82FC /* Debug */ = {
			isa = XCBuildConfiguration;
			buildSettings = {
				ASSETCATALOG_COMPILER_APPICON_NAME = AppIcon;
				ASSETCATALOG_COMPILER_GLOBAL_ACCENT_COLOR_NAME = AccentColor;
				CODE_SIGN_STYLE = Automatic;
				INFOPLIST_FILE = RobertsJeanaiCE04/Info.plist;
				LD_RUNPATH_SEARCH_PATHS = (
					"$(inherited)",
					"@executable_path/Frameworks",
				);
				PRODUCT_BUNDLE_IDENTIFIER = "Jeanai-Roberts.RobertsJeanaiCE05";
				PRODUCT_NAME = "$(TARGET_NAME)";
				SWIFT_VERSION = 5.0;
				TARGETED_DEVICE_FAMILY = "1,2";
			};
			name = Debug;
		};
		9F4F74AF26A3B96C00FE82FC /* Release */ = {
			isa = XCBuildConfiguration;
			buildSettings = {
				ASSETCATALOG_COMPILER_APPICON_NAME = AppIcon;
				ASSETCATALOG_COMPILER_GLOBAL_ACCENT_COLOR_NAME = AccentColor;
				CODE_SIGN_STYLE = Automatic;
				INFOPLIST_FILE = RobertsJeanaiCE04/Info.plist;
				LD_RUNPATH_SEARCH_PATHS = (
					"$(inherited)",
					"@executable_path/Frameworks",
				);
				PRODUCT_BUNDLE_IDENTIFIER = "Jeanai-Roberts.RobertsJeanaiCE05";
				PRODUCT_NAME = "$(TARGET_NAME)";
				SWIFT_VERSION = 5.0;
				TARGETED_DEVICE_FAMILY = "1,2";
			};
			name = Release;
		};
/* End XCBuildConfiguration section */

/* Begin XCConfigurationList section */
		9F4F749426A3B96A00FE82FC /* Build configuration list for PBXProject "RobertsJeanaiCE05" */ = {
			isa = XCConfigurationList;
			buildConfigurations = (
				9F4F74AB26A3B96C00FE82FC /* Debug */,
				9F4F74AC26A3B96C00FE82FC /* Release */,
			);
			defaultConfigurationIsVisible = 0;
			defaultConfigurationName = Release;
		};
		9F4F74AD26A3B96C00FE82FC /* Build configuration list for PBXNativeTarget "RobertsJeanaiCE05" */ = {
			isa = XCConfigurationList;
			buildConfigurations = (
				9F4F74AE26A3B96C00FE82FC /* Debug */,
				9F4F74AF26A3B96C00FE82FC /* Release */,
			);
			defaultConfigurationIsVisible = 0;
			defaultConfigurationName = Release;
		};
/* End XCConfigurationList section */
	};
	rootObject = 9F4F749126A3B96A00FE82FC /* Project object */;
}
