// !$*UTF8*$!
{
	archiveVersion = 1;
	classes = {
	};
	objectVersion = 50;
	objects = {

/* Begin PBXBuildFile section */
		9F01949C2670688100751563 /* AppDelegate.swift in Sources */ = {isa = PBXBuildFile; fileRef = 9F01949B2670688100751563 /* AppDelegate.swift */; };
		9F01949E2670688100751563 /* SceneDelegate.swift in Sources */ = {isa = PBXBuildFile; fileRef = 9F01949D2670688100751563 /* SceneDelegate.swift */; };
		9F0194A02670688100751563 /* ViewController.swift in Sources */ = {isa = PBXBuildFile; fileRef = 9F01949F2670688100751563 /* ViewController.swift */; };
		9F0194A32670688100751563 /* Main.storyboard in Resources */ = {isa = PBXBuildFile; fileRef = 9F0194A12670688100751563 /* Main.storyboard */; };
		9F0194A52670688200751563 /* Assets.xcassets in Resources */ = {isa = PBXBuildFile; fileRef = 9F0194A42670688200751563 /* Assets.xcassets */; };
		9F0194A82670688200751563 /* LaunchScreen.storyboard in Resources */ = {isa = PBXBuildFile; fileRef = 9F0194A62670688200751563 /* LaunchScreen.storyboard */; };
		9FED82742690E28300934723 /* EmployeeData.json in Resources */ = {isa = PBXBuildFile; fileRef = 9FED82732690E28300934723 /* EmployeeData.json */; };
		9FED82762691005900934723 /* Employee.swift in Sources */ = {isa = PBXBuildFile; fileRef = 9FED82752691005900934723 /* Employee.swift */; };
		9FED827C26911C6000934723 /* EmployeeInfo.swift in Sources */ = {isa = PBXBuildFile; fileRef = 9FED827B26911C6000934723 /* EmployeeInfo.swift */; };
/* End PBXBuildFile section */

/* Begin PBXFileReference section */
		9F0194982670688100751563 /* RobertsJeanaiCE02.app */ = {isa = PBXFileReference; explicitFileType = wrapper.application; includeInIndex = 0; path = RobertsJeanaiCE02.app; sourceTree = BUILT_PRODUCTS_DIR; };
		9F01949B2670688100751563 /* AppDelegate.swift */ = {isa = PBXFileReference; lastKnownFileType = sourcecode.swift; path = AppDelegate.swift; sourceTree = "<group>"; };
		9F01949D2670688100751563 /* SceneDelegate.swift */ = {isa = PBXFileReference; lastKnownFileType = sourcecode.swift; path = SceneDelegate.swift; sourceTree = "<group>"; };
		9F01949F2670688100751563 /* ViewController.swift */ = {isa = PBXFileReference; lastKnownFileType = sourcecode.swift; path = ViewController.swift; sourceTree = "<group>"; };
		9F0194A22670688100751563 /* Base */ = {isa = PBXFileReference; lastKnownFileType = file.storyboard; name = Base; path = Base.lproj/Main.storyboard; sourceTree = "<group>"; };
		9F0194A42670688200751563 /* Assets.xcassets */ = {isa = PBXFileReference; lastKnownFileType = folder.assetcatalog; path = Assets.xcassets; sourceTree = "<group>"; };
		9F0194A72670688200751563 /* Base */ = {isa = PBXFileReference; lastKnownFileType = file.storyboard; name = Base; path = Base.lproj/LaunchScreen.storyboard; sourceTree = "<group>"; };
		9F0194A92670688200751563 /* Info.plist */ = {isa = PBXFileReference; lastKnownFileType = text.plist.xml; path = Info.plist; sourceTree = "<group>"; };
		9FED82732690E28300934723 /* EmployeeData.json */ = {isa = PBXFileReference; fileEncoding = 4; lastKnownFileType = text.json; path = EmployeeData.json; sourceTree = "<group>"; };
		9FED82752691005900934723 /* Employee.swift */ = {isa = PBXFileReference; lastKnownFileType = sourcecode.swift; path = Employee.swift; sourceTree = "<group>"; };
		9FED827B26911C6000934723 /* EmployeeInfo.swift */ = {isa = PBXFileReference; lastKnownFileType = sourcecode.swift; path = EmployeeInfo.swift; sourceTree = "<group>"; };
/* End PBXFileReference section */

/* Begin PBXFrameworksBuildPhase section */
		9F0194952670688100751563 /* Frameworks */ = {
			isa = PBXFrameworksBuildPhase;
			buildActionMask = 2147483647;
			files = (
			);
			runOnlyForDeploymentPostprocessing = 0;
		};
/* End PBXFrameworksBuildPhase section */

/* Begin PBXGroup section */
		9F01948F2670688100751563 = {
			isa = PBXGroup;
			children = (
				9F01949A2670688100751563 /* RobertsJeanaiCE02 */,
				9F0194992670688100751563 /* Products */,
			);
			sourceTree = "<group>";
		};
		9F0194992670688100751563 /* Products */ = {
			isa = PBXGroup;
			children = (
				9F0194982670688100751563 /* RobertsJeanaiCE02.app */,
			);
			name = Products;
			sourceTree = "<group>";
		};
		9F01949A2670688100751563 /* RobertsJeanaiCE02 */ = {
			isa = PBXGroup;
			children = (
				9FED82732690E28300934723 /* EmployeeData.json */,
				9FED82752691005900934723 /* Employee.swift */,
				9FED827B26911C6000934723 /* EmployeeInfo.swift */,
				9F01949B2670688100751563 /* AppDelegate.swift */,
				9F01949D2670688100751563 /* SceneDelegate.swift */,
				9F01949F2670688100751563 /* ViewController.swift */,
				9F0194A12670688100751563 /* Main.storyboard */,
				9F0194A42670688200751563 /* Assets.xcassets */,
				9F0194A62670688200751563 /* LaunchScreen.storyboard */,
				9F0194A92670688200751563 /* Info.plist */,
			);
			path = RobertsJeanaiCE02;
			sourceTree = "<group>";
		};
/* End PBXGroup section */

/* Begin PBXNativeTarget section */
		9F0194972670688100751563 /* RobertsJeanaiCE02 */ = {
			isa = PBXNativeTarget;
			buildConfigurationList = 9F0194AC2670688200751563 /* Build configuration list for PBXNativeTarget "RobertsJeanaiCE02" */;
			buildPhases = (
				9F0194942670688100751563 /* Sources */,
				9F0194952670688100751563 /* Frameworks */,
				9F0194962670688100751563 /* Resources */,
			);
			buildRules = (
			);
			dependencies = (
			);
			name = RobertsJeanaiCE02;
			productName = RobertsJeanaiCE02;
			productReference = 9F0194982670688100751563 /* RobertsJeanaiCE02.app */;
			productType = "com.apple.product-type.application";
		};
/* End PBXNativeTarget section */

/* Begin PBXProject section */
		9F0194902670688100751563 /* Project object */ = {
			isa = PBXProject;
			attributes = {
				LastSwiftUpdateCheck = 1250;
				LastUpgradeCheck = 1250;
				TargetAttributes = {
					9F0194972670688100751563 = {
						CreatedOnToolsVersion = 12.5;
					};
				};
			};
			buildConfigurationList = 9F0194932670688100751563 /* Build configuration list for PBXProject "RobertsJeanaiCE02" */;
			compatibilityVersion = "Xcode 9.3";
			developmentRegion = en;
			hasScannedForEncodings = 0;
			knownRegions = (
				en,
				Base,
			);
			mainGroup = 9F01948F2670688100751563;
			productRefGroup = 9F0194992670688100751563 /* Products */;
			projectDirPath = "";
			projectRoot = "";
			targets = (
				9F0194972670688100751563 /* RobertsJeanaiCE02 */,
			);
		};
/* End PBXProject section */

/* Begin PBXResourcesBuildPhase section */
		9F0194962670688100751563 /* Resources */ = {
			isa = PBXResourcesBuildPhase;
			buildActionMask = 2147483647;
			files = (
				9F0194A82670688200751563 /* LaunchScreen.storyboard in Resources */,
				9F0194A52670688200751563 /* Assets.xcassets in Resources */,
				9F0194A32670688100751563 /* Main.storyboard in Resources */,
				9FED82742690E28300934723 /* EmployeeData.json in Resources */,
			);
			runOnlyForDeploymentPostprocessing = 0;
		};
/* End PBXResourcesBuildPhase section */

/* Begin PBXSourcesBuildPhase section */
		9F0194942670688100751563 /* Sources */ = {
			isa = PBXSourcesBuildPhase;
			buildActionMask = 2147483647;
			files = (
				9FED827C26911C6000934723 /* EmployeeInfo.swift in Sources */,
				9F0194A02670688100751563 /* ViewController.swift in Sources */,
				9FED82762691005900934723 /* Employee.swift in Sources */,
				9F01949C2670688100751563 /* AppDelegate.swift in Sources */,
				9F01949E2670688100751563 /* SceneDelegate.swift in Sources */,
			);
			runOnlyForDeploymentPostprocessing = 0;
		};
/* End PBXSourcesBuildPhase section */

/* Begin PBXVariantGroup section */
		9F0194A12670688100751563 /* Main.storyboard */ = {
			isa = PBXVariantGroup;
			children = (
				9F0194A22670688100751563 /* Base */,
			);
			name = Main.storyboard;
			sourceTree = "<group>";
		};
		9F0194A62670688200751563 /* LaunchScreen.storyboard */ = {
			isa = PBXVariantGroup;
			children = (
				9F0194A72670688200751563 /* Base */,
			);
			name = LaunchScreen.storyboard;
			sourceTree = "<group>";
		};
/* End PBXVariantGroup section */

/* Begin XCBuildConfiguration section */
		9F0194AA2670688200751563 /* Debug */ = {
			isa = XCBuildConfiguration;
			buildSettings = {
				ALWAYS_SEARCH_USER_PATHS = NO;
				CLANG_ANALYZER_NONNULL = YES;
				CLANG_ANALYZER_NUMBER_OBJECT_CONVERSION = YES_AGGRESSIVE;
				CLANG_CXX_LANGUAGE_STANDARD = "gnu++14";
				CLANG_CXX_LIBRARY = "libc++";
				CLANG_ENABLE_MODULES = YES;
				CLANG_ENABLE_OBJC_ARC = YES;
				CLANG_ENABLE_OBJC_WEAK = YES;
				CLANG_WARN_BLOCK_CAPTURE_AUTORELEASING = YES;
				CLANG_WARN_BOOL_CONVERSION = YES;
				CLANG_WARN_COMMA = YES;
				CLANG_WARN_CONSTANT_CONVERSION = YES;
				CLANG_WARN_DEPRECATED_OBJC_IMPLEMENTATIONS = YES;
				CLANG_WARN_DIRECT_OBJC_ISA_USAGE = YES_ERROR;
				CLANG_WARN_DOCUMENTATION_COMMENTS = YES;
				CLANG_WARN_EMPTY_BODY = YES;
				CLANG_WARN_ENUM_CONVERSION = YES;
				CLANG_WARN_INFINITE_RECURSION = YES;
				CLANG_WARN_INT_CONVERSION = YES;
				CLANG_WARN_NON_LITERAL_NULL_CONVERSION = YES;
				CLANG_WARN_OBJC_IMPLICIT_RETAIN_SELF = YES;
				CLANG_WARN_OBJC_LITERAL_CONVERSION = YES;
				CLANG_WARN_OBJC_ROOT_CLASS = YES_ERROR;
				CLANG_WARN_QUOTED_INCLUDE_IN_FRAMEWORK_HEADER = YES;
				CLANG_WARN_RANGE_LOOP_ANALYSIS = YES;
				CLANG_WARN_STRICT_PROTOTYPES = YES;
				CLANG_WARN_SUSPICIOUS_MOVE = YES;
				CLANG_WARN_UNGUARDED_AVAILABILITY = YES_AGGRESSIVE;
				CLANG_WARN_UNREACHABLE_CODE = YES;
				CLANG_WARN__DUPLICATE_METHOD_MATCH = YES;
				COPY_PHASE_STRIP = NO;
				DEBUG_INFORMATION_FORMAT = dwarf;
				ENABLE_STRICT_OBJC_MSGSEND = YES;
				ENABLE_TESTABILITY = YES;
				GCC_C_LANGUAGE_STANDARD = gnu11;
				GCC_DYNAMIC_NO_PIC = NO;
				GCC_NO_COMMON_BLOCKS = YES;
				GCC_OPTIMIZATION_LEVEL = 0;
				GCC_PREPROCESSOR_DEFINITIONS = (
					"DEBUG=1",
					"$(inherited)",
				);
				GCC_WARN_64_TO_32_BIT_CONVERSION = YES;
				GCC_WARN_ABOUT_RETURN_TYPE = YES_ERROR;
				GCC_WARN_UNDECLARED_SELECTOR = YES;
				GCC_WARN_UNINITIALIZED_AUTOS = YES_AGGRESSIVE;
				GCC_WARN_UNUSED_FUNCTION = YES;
				GCC_WARN_UNUSED_VARIABLE = YES;
				IPHONEOS_DEPLOYMENT_TARGET = 14.5;
				MTL_ENABLE_DEBUG_INFO = INCLUDE_SOURCE;
				MTL_FAST_MATH = YES;
				ONLY_ACTIVE_ARCH = YES;
				SDKROOT = iphoneos;
				SWIFT_ACTIVE_COMPILATION_CONDITIONS = DEBUG;
				SWIFT_OPTIMIZATION_LEVEL = "-Onone";
			};
			name = Debug;
		};
		9F0194AB2670688200751563 /* Release */ = {
			isa = XCBuildConfiguration;
			buildSettings = {
				ALWAYS_SEARCH_USER_PATHS = NO;
				CLANG_ANALYZER_NONNULL = YES;
				CLANG_ANALYZER_NUMBER_OBJECT_CONVERSION = YES_AGGRESSIVE;
				CLANG_CXX_LANGUAGE_STANDARD = "gnu++14";
				CLANG_CXX_LIBRARY = "libc++";
				CLANG_ENABLE_MODULES = YES;
				CLANG_ENABLE_OBJC_ARC = YES;
				CLANG_ENABLE_OBJC_WEAK = YES;
				CLANG_WARN_BLOCK_CAPTURE_AUTORELEASING = YES;
				CLANG_WARN_BOOL_CONVERSION = YES;
				CLANG_WARN_COMMA = YES;
				CLANG_WARN_CONSTANT_CONVERSION = YES;
				CLANG_WARN_DEPRECATED_OBJC_IMPLEMENTATIONS = YES;
				CLANG_WARN_DIRECT_OBJC_ISA_USAGE = YES_ERROR;
				CLANG_WARN_DOCUMENTATION_COMMENTS = YES;
				CLANG_WARN_EMPTY_BODY = YES;
				CLANG_WARN_ENUM_CONVERSION = YES;
				CLANG_WARN_INFINITE_RECURSION = YES;
				CLANG_WARN_INT_CONVERSION = YES;
				CLANG_WARN_NON_LITERAL_NULL_CONVERSION = YES;
				CLANG_WARN_OBJC_IMPLICIT_RETAIN_SELF = YES;
				CLANG_WARN_OBJC_LITERAL_CONVERSION = YES;
				CLANG_WARN_OBJC_ROOT_CLASS = YES_ERROR;
				CLANG_WARN_QUOTED_INCLUDE_IN_FRAMEWORK_HEADER = YES;
				CLANG_WARN_RANGE_LOOP_ANALYSIS = YES;
				CLANG_WARN_STRICT_PROTOTYPES = YES;
				CLANG_WARN_SUSPICIOUS_MOVE = YES;
				CLANG_WARN_UNGUARDED_AVAILABILITY = YES_AGGRESSIVE;
				CLANG_WARN_UNREACHABLE_CODE = YES;
				CLANG_WARN__DUPLICATE_METHOD_MATCH = YES;
				COPY_PHASE_STRIP = NO;
				DEBUG_INFORMATION_FORMAT = "dwarf-with-dsym";
				ENABLE_NS_ASSERTIONS = NO;
				ENABLE_STRICT_OBJC_MSGSEND = YES;
				GCC_C_LANGUAGE_STANDARD = gnu11;
				GCC_NO_COMMON_BLOCKS = YES;
				GCC_WARN_64_TO_32_BIT_CONVERSION = YES;
				GCC_WARN_ABOUT_RETURN_TYPE = YES_ERROR;
				GCC_WARN_UNDECLARED_SELECTOR = YES;
				GCC_WARN_UNINITIALIZED_AUTOS = YES_AGGRESSIVE;
				GCC_WARN_UNUSED_FUNCTION = YES;
				GCC_WARN_UNUSED_VARIABLE = YES;
				IPHONEOS_DEPLOYMENT_TARGET = 14.5;
				MTL_ENABLE_DEBUG_INFO = NO;
				MTL_FAST_MATH = YES;
				SDKROOT = iphoneos;
				SWIFT_COMPILATION_MODE = wholemodule;
				SWIFT_OPTIMIZATION_LEVEL = "-O";
				VALIDATE_PRODUCT = YES;
			};
			name = Release;
		};
		9F0194AD2670688200751563 /* Debug */ = {
			isa = XCBuildConfiguration;
			buildSettings = {
				ASSETCATALOG_COMPILER_APPICON_NAME = AppIcon;
				ASSETCATALOG_COMPILER_GLOBAL_ACCENT_COLOR_NAME = AccentColor;
				CODE_SIGN_STYLE = Automatic;
				INFOPLIST_FILE = RobertsJeanaiCE02/Info.plist;
				LD_RUNPATH_SEARCH_PATHS = (
					"$(inherited)",
					"@executable_path/Frameworks",
				);
				PRODUCT_BUNDLE_IDENTIFIER = "Jeanai-Roberts.RobertsJeanaiCE02";
				PRODUCT_NAME = "$(TARGET_NAME)";
				SWIFT_VERSION = 5.0;
				TARGETED_DEVICE_FAMILY = "1,2";
			};
			name = Debug;
		};
		9F0194AE2670688200751563 /* Release */ = {
			isa = XCBuildConfiguration;
			buildSettings = {
				ASSETCATALOG_COMPILER_APPICON_NAME = AppIcon;
				ASSETCATALOG_COMPILER_GLOBAL_ACCENT_COLOR_NAME = AccentColor;
				CODE_SIGN_STYLE = Automatic;
				INFOPLIST_FILE = RobertsJeanaiCE02/Info.plist;
				LD_RUNPATH_SEARCH_PATHS = (
					"$(inherited)",
					"@executable_path/Frameworks",
				);
				PRODUCT_BUNDLE_IDENTIFIER = "Jeanai-Roberts.RobertsJeanaiCE02";
				PRODUCT_NAME = "$(TARGET_NAME)";
				SWIFT_VERSION = 5.0;
				TARGETED_DEVICE_FAMILY = "1,2";
			};
			name = Release;
		};
/* End XCBuildConfiguration section */

/* Begin XCConfigurationList section */
		9F0194932670688100751563 /* Build configuration list for PBXProject "RobertsJeanaiCE02" */ = {
			isa = XCConfigurationList;
			buildConfigurations = (
				9F0194AA2670688200751563 /* Debug */,
				9F0194AB2670688200751563 /* Release */,
			);
			defaultConfigurationIsVisible = 0;
			defaultConfigurationName = Release;
		};
		9F0194AC2670688200751563 /* Build configuration list for PBXNativeTarget "RobertsJeanaiCE02" */ = {
			isa = XCConfigurationList;
			buildConfigurations = (
				9F0194AD2670688200751563 /* Debug */,
				9F0194AE2670688200751563 /* Release */,
			);
			defaultConfigurationIsVisible = 0;
			defaultConfigurationName = Release;
		};
/* End XCConfigurationList section */
	};
	rootObject = 9F0194902670688100751563 /* Project object */;
}
